// !$*UTF8*$!
{
	archiveVersion = 1;
	classes = {
	};
	objectVersion = 50;
	objects = {

/* Begin PBXBuildFile section */
		09D6019D23E818C000762EC7 /* AppDelegate.swift in Sources */ = {isa = PBXBuildFile; fileRef = 09D6019C23E818C000762EC7 /* AppDelegate.swift */; };
		09D6019F23E818C000762EC7 /* SceneDelegate.swift in Sources */ = {isa = PBXBuildFile; fileRef = 09D6019E23E818C000762EC7 /* SceneDelegate.swift */; };
		09D601A123E818C000762EC7 /* ContentView.swift in Sources */ = {isa = PBXBuildFile; fileRef = 09D601A023E818C000762EC7 /* ContentView.swift */; };
		09D601A323E818C000762EC7 /* Assets.xcassets in Resources */ = {isa = PBXBuildFile; fileRef = 09D601A223E818C000762EC7 /* Assets.xcassets */; };
		09D601A623E818C000762EC7 /* Preview Assets.xcassets in Resources */ = {isa = PBXBuildFile; fileRef = 09D601A523E818C000762EC7 /* Preview Assets.xcassets */; };
		09D601A923E818C000762EC7 /* LaunchScreen.storyboard in Resources */ = {isa = PBXBuildFile; fileRef = 09D601A723E818C000762EC7 /* LaunchScreen.storyboard */; };
		09D601B423E818C000762EC7 /* grad2020Tests.swift in Sources */ = {isa = PBXBuildFile; fileRef = 09D601B323E818C000762EC7 /* grad2020Tests.swift */; };
		09D601BF23E818C000762EC7 /* grad2020UITests.swift in Sources */ = {isa = PBXBuildFile; fileRef = 09D601BE23E818C000762EC7 /* grad2020UITests.swift */; };
		3F5880E628CDB89E32D204B3 /* Pods_grad2020_grad2020UITests.framework in Frameworks */ = {isa = PBXBuildFile; fileRef = 1DB7D577BBADDC9DABA77B55 /* Pods_grad2020_grad2020UITests.framework */; };
		7D97565A881CBB75BAE9A9A2 /* Pods_grad2020.framework in Frameworks */ = {isa = PBXBuildFile; fileRef = D8FC3F3F0CE257D98F73A2CB /* Pods_grad2020.framework */; };
		CE5D4D164A5E2331C57BB67A /* Pods_grad2020Tests.framework in Frameworks */ = {isa = PBXBuildFile; fileRef = 1E444E4B7BFE7520F0E4705D /* Pods_grad2020Tests.framework */; };
/* End PBXBuildFile section */

/* Begin PBXContainerItemProxy section */
		09D601B023E818C000762EC7 /* PBXContainerItemProxy */ = {
			isa = PBXContainerItemProxy;
			containerPortal = 09D6019123E818C000762EC7 /* Project object */;
			proxyType = 1;
			remoteGlobalIDString = 09D6019823E818C000762EC7;
			remoteInfo = grad2020;
		};
		09D601BB23E818C000762EC7 /* PBXContainerItemProxy */ = {
			isa = PBXContainerItemProxy;
			containerPortal = 09D6019123E818C000762EC7 /* Project object */;
			proxyType = 1;
			remoteGlobalIDString = 09D6019823E818C000762EC7;
			remoteInfo = grad2020;
		};
/* End PBXContainerItemProxy section */

/* Begin PBXFileReference section */
		09D6019923E818C000762EC7 /* grad2020.app */ = {isa = PBXFileReference; explicitFileType = wrapper.application; includeInIndex = 0; path = grad2020.app; sourceTree = BUILT_PRODUCTS_DIR; };
		09D6019C23E818C000762EC7 /* AppDelegate.swift */ = {isa = PBXFileReference; lastKnownFileType = sourcecode.swift; path = AppDelegate.swift; sourceTree = "<group>"; };
		09D6019E23E818C000762EC7 /* SceneDelegate.swift */ = {isa = PBXFileReference; lastKnownFileType = sourcecode.swift; path = SceneDelegate.swift; sourceTree = "<group>"; };
		09D601A023E818C000762EC7 /* ContentView.swift */ = {isa = PBXFileReference; lastKnownFileType = sourcecode.swift; path = ContentView.swift; sourceTree = "<group>"; };
		09D601A223E818C000762EC7 /* Assets.xcassets */ = {isa = PBXFileReference; lastKnownFileType = folder.assetcatalog; path = Assets.xcassets; sourceTree = "<group>"; };
		09D601A523E818C000762EC7 /* Preview Assets.xcassets */ = {isa = PBXFileReference; lastKnownFileType = folder.assetcatalog; path = "Preview Assets.xcassets"; sourceTree = "<group>"; };
		09D601A823E818C000762EC7 /* Base */ = {isa = PBXFileReference; lastKnownFileType = file.storyboard; name = Base; path = Base.lproj/LaunchScreen.storyboard; sourceTree = "<group>"; };
		09D601AA23E818C000762EC7 /* Info.plist */ = {isa = PBXFileReference; lastKnownFileType = text.plist.xml; path = Info.plist; sourceTree = "<group>"; };
		09D601AF23E818C000762EC7 /* grad2020Tests.xctest */ = {isa = PBXFileReference; explicitFileType = wrapper.cfbundle; includeInIndex = 0; path = grad2020Tests.xctest; sourceTree = BUILT_PRODUCTS_DIR; };
		09D601B323E818C000762EC7 /* grad2020Tests.swift */ = {isa = PBXFileReference; lastKnownFileType = sourcecode.swift; path = grad2020Tests.swift; sourceTree = "<group>"; };
		09D601B523E818C000762EC7 /* Info.plist */ = {isa = PBXFileReference; lastKnownFileType = text.plist.xml; path = Info.plist; sourceTree = "<group>"; };
		09D601BA23E818C000762EC7 /* grad2020UITests.xctest */ = {isa = PBXFileReference; explicitFileType = wrapper.cfbundle; includeInIndex = 0; path = grad2020UITests.xctest; sourceTree = BUILT_PRODUCTS_DIR; };
		09D601BE23E818C000762EC7 /* grad2020UITests.swift */ = {isa = PBXFileReference; lastKnownFileType = sourcecode.swift; path = grad2020UITests.swift; sourceTree = "<group>"; };
		09D601C023E818C000762EC7 /* Info.plist */ = {isa = PBXFileReference; lastKnownFileType = text.plist.xml; path = Info.plist; sourceTree = "<group>"; };
		102D94F7404DDDA81F6CF887 /* Pods-grad2020Tests.debug.xcconfig */ = {isa = PBXFileReference; includeInIndex = 1; lastKnownFileType = text.xcconfig; name = "Pods-grad2020Tests.debug.xcconfig"; path = "Target Support Files/Pods-grad2020Tests/Pods-grad2020Tests.debug.xcconfig"; sourceTree = "<group>"; };
		1DB7D577BBADDC9DABA77B55 /* Pods_grad2020_grad2020UITests.framework */ = {isa = PBXFileReference; explicitFileType = wrapper.framework; includeInIndex = 0; path = Pods_grad2020_grad2020UITests.framework; sourceTree = BUILT_PRODUCTS_DIR; };
		1E444E4B7BFE7520F0E4705D /* Pods_grad2020Tests.framework */ = {isa = PBXFileReference; explicitFileType = wrapper.framework; includeInIndex = 0; path = Pods_grad2020Tests.framework; sourceTree = BUILT_PRODUCTS_DIR; };
		55842152C2EECAFDBA817CDC /* Pods-grad2020-grad2020UITests.release.xcconfig */ = {isa = PBXFileReference; includeInIndex = 1; lastKnownFileType = text.xcconfig; name = "Pods-grad2020-grad2020UITests.release.xcconfig"; path = "Target Support Files/Pods-grad2020-grad2020UITests/Pods-grad2020-grad2020UITests.release.xcconfig"; sourceTree = "<group>"; };
		A957470556A2460ACF25AA77 /* Pods-grad2020.release.xcconfig */ = {isa = PBXFileReference; includeInIndex = 1; lastKnownFileType = text.xcconfig; name = "Pods-grad2020.release.xcconfig"; path = "Target Support Files/Pods-grad2020/Pods-grad2020.release.xcconfig"; sourceTree = "<group>"; };
		D5D42C3954639D8372666D72 /* Pods-grad2020Tests.release.xcconfig */ = {isa = PBXFileReference; includeInIndex = 1; lastKnownFileType = text.xcconfig; name = "Pods-grad2020Tests.release.xcconfig"; path = "Target Support Files/Pods-grad2020Tests/Pods-grad2020Tests.release.xcconfig"; sourceTree = "<group>"; };
		D8FC3F3F0CE257D98F73A2CB /* Pods_grad2020.framework */ = {isa = PBXFileReference; explicitFileType = wrapper.framework; includeInIndex = 0; path = Pods_grad2020.framework; sourceTree = BUILT_PRODUCTS_DIR; };
		ECA19B680CA78B389C154987 /* Pods-grad2020-grad2020UITests.debug.xcconfig */ = {isa = PBXFileReference; includeInIndex = 1; lastKnownFileType = text.xcconfig; name = "Pods-grad2020-grad2020UITests.debug.xcconfig"; path = "Target Support Files/Pods-grad2020-grad2020UITests/Pods-grad2020-grad2020UITests.debug.xcconfig"; sourceTree = "<group>"; };
		F741193AAE32069F99E12258 /* Pods-grad2020.debug.xcconfig */ = {isa = PBXFileReference; includeInIndex = 1; lastKnownFileType = text.xcconfig; name = "Pods-grad2020.debug.xcconfig"; path = "Target Support Files/Pods-grad2020/Pods-grad2020.debug.xcconfig"; sourceTree = "<group>"; };
/* End PBXFileReference section */

/* Begin PBXFrameworksBuildPhase section */
		09D6019623E818C000762EC7 /* Frameworks */ = {
			isa = PBXFrameworksBuildPhase;
			buildActionMask = 2147483647;
			files = (
				7D97565A881CBB75BAE9A9A2 /* Pods_grad2020.framework in Frameworks */,
			);
			runOnlyForDeploymentPostprocessing = 0;
		};
		09D601AC23E818C000762EC7 /* Frameworks */ = {
			isa = PBXFrameworksBuildPhase;
			buildActionMask = 2147483647;
			files = (
				CE5D4D164A5E2331C57BB67A /* Pods_grad2020Tests.framework in Frameworks */,
			);
			runOnlyForDeploymentPostprocessing = 0;
		};
		09D601B723E818C000762EC7 /* Frameworks */ = {
			isa = PBXFrameworksBuildPhase;
			buildActionMask = 2147483647;
			files = (
				3F5880E628CDB89E32D204B3 /* Pods_grad2020_grad2020UITests.framework in Frameworks */,
			);
			runOnlyForDeploymentPostprocessing = 0;
		};
/* End PBXFrameworksBuildPhase section */

/* Begin PBXGroup section */
		09D6019023E818C000762EC7 = {
			isa = PBXGroup;
			children = (
				09D6019B23E818C000762EC7 /* grad2020 */,
				09D601B223E818C000762EC7 /* grad2020Tests */,
				09D601BD23E818C000762EC7 /* grad2020UITests */,
				09D6019A23E818C000762EC7 /* Products */,
				25319C8890394FFAD657CC7F /* Pods */,
				6C9698836282DCB2B3F489E4 /* Frameworks */,
			);
			sourceTree = "<group>";
		};
		09D6019A23E818C000762EC7 /* Products */ = {
			isa = PBXGroup;
			children = (
				09D6019923E818C000762EC7 /* grad2020.app */,
				09D601AF23E818C000762EC7 /* grad2020Tests.xctest */,
				09D601BA23E818C000762EC7 /* grad2020UITests.xctest */,
			);
			name = Products;
			sourceTree = "<group>";
		};
		09D6019B23E818C000762EC7 /* grad2020 */ = {
			isa = PBXGroup;
			children = (
				09D6019C23E818C000762EC7 /* AppDelegate.swift */,
				09D6019E23E818C000762EC7 /* SceneDelegate.swift */,
				09D601A023E818C000762EC7 /* ContentView.swift */,
				09D601A223E818C000762EC7 /* Assets.xcassets */,
				09D601A723E818C000762EC7 /* LaunchScreen.storyboard */,
				09D601AA23E818C000762EC7 /* Info.plist */,
				09D601A423E818C000762EC7 /* Preview Content */,
			);
			path = grad2020;
			sourceTree = "<group>";
		};
		09D601A423E818C000762EC7 /* Preview Content */ = {
			isa = PBXGroup;
			children = (
				09D601A523E818C000762EC7 /* Preview Assets.xcassets */,
			);
			path = "Preview Content";
			sourceTree = "<group>";
		};
		09D601B223E818C000762EC7 /* grad2020Tests */ = {
			isa = PBXGroup;
			children = (
				09D601B323E818C000762EC7 /* grad2020Tests.swift */,
				09D601B523E818C000762EC7 /* Info.plist */,
			);
			path = grad2020Tests;
			sourceTree = "<group>";
		};
		09D601BD23E818C000762EC7 /* grad2020UITests */ = {
			isa = PBXGroup;
			children = (
				09D601BE23E818C000762EC7 /* grad2020UITests.swift */,
				09D601C023E818C000762EC7 /* Info.plist */,
			);
			path = grad2020UITests;
			sourceTree = "<group>";
		};
		25319C8890394FFAD657CC7F /* Pods */ = {
			isa = PBXGroup;
			children = (
				F741193AAE32069F99E12258 /* Pods-grad2020.debug.xcconfig */,
				A957470556A2460ACF25AA77 /* Pods-grad2020.release.xcconfig */,
				ECA19B680CA78B389C154987 /* Pods-grad2020-grad2020UITests.debug.xcconfig */,
				55842152C2EECAFDBA817CDC /* Pods-grad2020-grad2020UITests.release.xcconfig */,
				102D94F7404DDDA81F6CF887 /* Pods-grad2020Tests.debug.xcconfig */,
				D5D42C3954639D8372666D72 /* Pods-grad2020Tests.release.xcconfig */,
			);
			name = Pods;
			path = Pods;
			sourceTree = "<group>";
		};
		6C9698836282DCB2B3F489E4 /* Frameworks */ = {
			isa = PBXGroup;
			children = (
				D8FC3F3F0CE257D98F73A2CB /* Pods_grad2020.framework */,
				1DB7D577BBADDC9DABA77B55 /* Pods_grad2020_grad2020UITests.framework */,
				1E444E4B7BFE7520F0E4705D /* Pods_grad2020Tests.framework */,
			);
			name = Frameworks;
			sourceTree = "<group>";
		};
/* End PBXGroup section */

/* Begin PBXNativeTarget section */
		09D6019823E818C000762EC7 /* grad2020 */ = {
			isa = PBXNativeTarget;
			buildConfigurationList = 09D601C323E818C000762EC7 /* Build configuration list for PBXNativeTarget "grad2020" */;
			buildPhases = (
				4DE97D68A19EE107533EEDEC /* [CP] Check Pods Manifest.lock */,
				09D6019523E818C000762EC7 /* Sources */,
				09D6019623E818C000762EC7 /* Frameworks */,
				09D6019723E818C000762EC7 /* Resources */,
				A3EAAD97DBB1D3B704A56AAA /* [CP] Embed Pods Frameworks */,
			);
			buildRules = (
			);
			dependencies = (
			);
			name = grad2020;
			productName = grad2020;
			productReference = 09D6019923E818C000762EC7 /* grad2020.app */;
			productType = "com.apple.product-type.application";
		};
		09D601AE23E818C000762EC7 /* grad2020Tests */ = {
			isa = PBXNativeTarget;
			buildConfigurationList = 09D601C623E818C000762EC7 /* Build configuration list for PBXNativeTarget "grad2020Tests" */;
			buildPhases = (
				45199B1029D058FBCEE1DEEF /* [CP] Check Pods Manifest.lock */,
				09D601AB23E818C000762EC7 /* Sources */,
				09D601AC23E818C000762EC7 /* Frameworks */,
				09D601AD23E818C000762EC7 /* Resources */,
			);
			buildRules = (
			);
			dependencies = (
				09D601B123E818C000762EC7 /* PBXTargetDependency */,
			);
			name = grad2020Tests;
			productName = grad2020Tests;
			productReference = 09D601AF23E818C000762EC7 /* grad2020Tests.xctest */;
			productType = "com.apple.product-type.bundle.unit-test";
		};
		09D601B923E818C000762EC7 /* grad2020UITests */ = {
			isa = PBXNativeTarget;
			buildConfigurationList = 09D601C923E818C000762EC7 /* Build configuration list for PBXNativeTarget "grad2020UITests" */;
			buildPhases = (
				6A2044C6662A87101AA382C2 /* [CP] Check Pods Manifest.lock */,
				09D601B623E818C000762EC7 /* Sources */,
				09D601B723E818C000762EC7 /* Frameworks */,
				09D601B823E818C000762EC7 /* Resources */,
				04024E4CEEA7F945ED1B354A /* [CP] Embed Pods Frameworks */,
			);
			buildRules = (
			);
			dependencies = (
				09D601BC23E818C000762EC7 /* PBXTargetDependency */,
			);
			name = grad2020UITests;
			productName = grad2020UITests;
			productReference = 09D601BA23E818C000762EC7 /* grad2020UITests.xctest */;
			productType = "com.apple.product-type.bundle.ui-testing";
		};
/* End PBXNativeTarget section */

/* Begin PBXProject section */
		09D6019123E818C000762EC7 /* Project object */ = {
			isa = PBXProject;
			attributes = {
				LastSwiftUpdateCheck = 1130;
				LastUpgradeCheck = 1130;
				ORGANIZATIONNAME = "Jiveksha Bhosle";
				TargetAttributes = {
					09D6019823E818C000762EC7 = {
						CreatedOnToolsVersion = 11.3.1;
					};
					09D601AE23E818C000762EC7 = {
						CreatedOnToolsVersion = 11.3.1;
						TestTargetID = 09D6019823E818C000762EC7;
					};
					09D601B923E818C000762EC7 = {
						CreatedOnToolsVersion = 11.3.1;
						TestTargetID = 09D6019823E818C000762EC7;
					};
				};
			};
			buildConfigurationList = 09D6019423E818C000762EC7 /* Build configuration list for PBXProject "grad2020" */;
			compatibilityVersion = "Xcode 9.3";
			developmentRegion = en;
			hasScannedForEncodings = 0;
			knownRegions = (
				en,
				Base,
			);
			mainGroup = 09D6019023E818C000762EC7;
			productRefGroup = 09D6019A23E818C000762EC7 /* Products */;
			projectDirPath = "";
			projectRoot = "";
			targets = (
				09D6019823E818C000762EC7 /* grad2020 */,
				09D601AE23E818C000762EC7 /* grad2020Tests */,
				09D601B923E818C000762EC7 /* grad2020UITests */,
			);
		};
/* End PBXProject section */

/* Begin PBXResourcesBuildPhase section */
		09D6019723E818C000762EC7 /* Resources */ = {
			isa = PBXResourcesBuildPhase;
			buildActionMask = 2147483647;
			files = (
				09D601A923E818C000762EC7 /* LaunchScreen.storyboard in Resources */,
				09D601A623E818C000762EC7 /* Preview Assets.xcassets in Resources */,
				09D601A323E818C000762EC7 /* Assets.xcassets in Resources */,
			);
			runOnlyForDeploymentPostprocessing = 0;
		};
		09D601AD23E818C000762EC7 /* Resources */ = {
			isa = PBXResourcesBuildPhase;
			buildActionMask = 2147483647;
			files = (
			);
			runOnlyForDeploymentPostprocessing = 0;
		};
		09D601B823E818C000762EC7 /* Resources */ = {
			isa = PBXResourcesBuildPhase;
			buildActionMask = 2147483647;
			files = (
			);
			runOnlyForDeploymentPostprocessing = 0;
		};
/* End PBXResourcesBuildPhase section */

/* Begin PBXShellScriptBuildPhase section */
		04024E4CEEA7F945ED1B354A /* [CP] Embed Pods Frameworks */ = {
			isa = PBXShellScriptBuildPhase;
			buildActionMask = 2147483647;
			files = (
			);
			inputFileListPaths = (
				"${PODS_ROOT}/Target Support Files/Pods-grad2020-grad2020UITests/Pods-grad2020-grad2020UITests-frameworks-${CONFIGURATION}-input-files.xcfilelist",
			);
			name = "[CP] Embed Pods Frameworks";
			outputFileListPaths = (
				"${PODS_ROOT}/Target Support Files/Pods-grad2020-grad2020UITests/Pods-grad2020-grad2020UITests-frameworks-${CONFIGURATION}-output-files.xcfilelist",
			);
			runOnlyForDeploymentPostprocessing = 0;
			shellPath = /bin/sh;
			shellScript = "\"${PODS_ROOT}/Target Support Files/Pods-grad2020-grad2020UITests/Pods-grad2020-grad2020UITests-frameworks.sh\"\n";
			showEnvVarsInLog = 0;
		};
		45199B1029D058FBCEE1DEEF /* [CP] Check Pods Manifest.lock */ = {
			isa = PBXShellScriptBuildPhase;
			buildActionMask = 2147483647;
			files = (
			);
			inputFileListPaths = (
			);
			inputPaths = (
				"${PODS_PODFILE_DIR_PATH}/Podfile.lock",
				"${PODS_ROOT}/Manifest.lock",
			);
			name = "[CP] Check Pods Manifest.lock";
			outputFileListPaths = (
			);
			outputPaths = (
				"$(DERIVED_FILE_DIR)/Pods-grad2020Tests-checkManifestLockResult.txt",
			);
			runOnlyForDeploymentPostprocessing = 0;
			shellPath = /bin/sh;
			shellScript = "diff \"${PODS_PODFILE_DIR_PATH}/Podfile.lock\" \"${PODS_ROOT}/Manifest.lock\" > /dev/null\nif [ $? != 0 ] ; then\n    # print error to STDERR\n    echo \"error: The sandbox is not in sync with the Podfile.lock. Run 'pod install' or update your CocoaPods installation.\" >&2\n    exit 1\nfi\n# This output is used by Xcode 'outputs' to avoid re-running this script phase.\necho \"SUCCESS\" > \"${SCRIPT_OUTPUT_FILE_0}\"\n";
			showEnvVarsInLog = 0;
		};
		4DE97D68A19EE107533EEDEC /* [CP] Check Pods Manifest.lock */ = {
			isa = PBXShellScriptBuildPhase;
			buildActionMask = 2147483647;
			files = (
			);
			inputFileListPaths = (
			);
			inputPaths = (
				"${PODS_PODFILE_DIR_PATH}/Podfile.lock",
				"${PODS_ROOT}/Manifest.lock",
			);
			name = "[CP] Check Pods Manifest.lock";
			outputFileListPaths = (
			);
			outputPaths = (
				"$(DERIVED_FILE_DIR)/Pods-grad2020-checkManifestLockResult.txt",
			);
			runOnlyForDeploymentPostprocessing = 0;
			shellPath = /bin/sh;
			shellScript = "diff \"${PODS_PODFILE_DIR_PATH}/Podfile.lock\" \"${PODS_ROOT}/Manifest.lock\" > /dev/null\nif [ $? != 0 ] ; then\n    # print error to STDERR\n    echo \"error: The sandbox is not in sync with the Podfile.lock. Run 'pod install' or update your CocoaPods installation.\" >&2\n    exit 1\nfi\n# This output is used by Xcode 'outputs' to avoid re-running this script phase.\necho \"SUCCESS\" > \"${SCRIPT_OUTPUT_FILE_0}\"\n";
			showEnvVarsInLog = 0;
		};
		6A2044C6662A87101AA382C2 /* [CP] Check Pods Manifest.lock */ = {
			isa = PBXShellScriptBuildPhase;
			buildActionMask = 2147483647;
			files = (
			);
			inputFileListPaths = (
			);
			inputPaths = (
				"${PODS_PODFILE_DIR_PATH}/Podfile.lock",
				"${PODS_ROOT}/Manifest.lock",
			);
			name = "[CP] Check Pods Manifest.lock";
			outputFileListPaths = (
			);
			outputPaths = (
				"$(DERIVED_FILE_DIR)/Pods-grad2020-grad2020UITests-checkManifestLockResult.txt",
			);
			runOnlyForDeploymentPostprocessing = 0;
			shellPath = /bin/sh;
			shellScript = "diff \"${PODS_PODFILE_DIR_PATH}/Podfile.lock\" \"${PODS_ROOT}/Manifest.lock\" > /dev/null\nif [ $? != 0 ] ; then\n    # print error to STDERR\n    echo \"error: The sandbox is not in sync with the Podfile.lock. Run 'pod install' or update your CocoaPods installation.\" >&2\n    exit 1\nfi\n# This output is used by Xcode 'outputs' to avoid re-running this script phase.\necho \"SUCCESS\" > \"${SCRIPT_OUTPUT_FILE_0}\"\n";
			showEnvVarsInLog = 0;
		};
		A3EAAD97DBB1D3B704A56AAA /* [CP] Embed Pods Frameworks */ = {
			isa = PBXShellScriptBuildPhase;
			buildActionMask = 2147483647;
			files = (
			);
			inputFileListPaths = (
				"${PODS_ROOT}/Target Support Files/Pods-grad2020/Pods-grad2020-frameworks-${CONFIGURATION}-input-files.xcfilelist",
			);
			name = "[CP] Embed Pods Frameworks";
			outputFileListPaths = (
				"${PODS_ROOT}/Target Support Files/Pods-grad2020/Pods-grad2020-frameworks-${CONFIGURATION}-output-files.xcfilelist",
			);
			runOnlyForDeploymentPostprocessing = 0;
			shellPath = /bin/sh;
			shellScript = "\"${PODS_ROOT}/Target Support Files/Pods-grad2020/Pods-grad2020-frameworks.sh\"\n";
			showEnvVarsInLog = 0;
		};
/* End PBXShellScriptBuildPhase section */

/* Begin PBXSourcesBuildPhase section */
		09D6019523E818C000762EC7 /* Sources */ = {
			isa = PBXSourcesBuildPhase;
			buildActionMask = 2147483647;
			files = (
				09D6019D23E818C000762EC7 /* AppDelegate.swift in Sources */,
				09D6019F23E818C000762EC7 /* SceneDelegate.swift in Sources */,
				09D601A123E818C000762EC7 /* ContentView.swift in Sources */,
			);
			runOnlyForDeploymentPostprocessing = 0;
		};
		09D601AB23E818C000762EC7 /* Sources */ = {
			isa = PBXSourcesBuildPhase;
			buildActionMask = 2147483647;
			files = (
				09D601B423E818C000762EC7 /* grad2020Tests.swift in Sources */,
			);
			runOnlyForDeploymentPostprocessing = 0;
		};
		09D601B623E818C000762EC7 /* Sources */ = {
			isa = PBXSourcesBuildPhase;
			buildActionMask = 2147483647;
			files = (
				09D601BF23E818C000762EC7 /* grad2020UITests.swift in Sources */,
			);
			runOnlyForDeploymentPostprocessing = 0;
		};
/* End PBXSourcesBuildPhase section */

/* Begin PBXTargetDependency section */
		09D601B123E818C000762EC7 /* PBXTargetDependency */ = {
			isa = PBXTargetDependency;
			target = 09D6019823E818C000762EC7 /* grad2020 */;
			targetProxy = 09D601B023E818C000762EC7 /* PBXContainerItemProxy */;
		};
		09D601BC23E818C000762EC7 /* PBXTargetDependency */ = {
			isa = PBXTargetDependency;
			target = 09D6019823E818C000762EC7 /* grad2020 */;
			targetProxy = 09D601BB23E818C000762EC7 /* PBXContainerItemProxy */;
		};
/* End PBXTargetDependency section */

/* Begin PBXVariantGroup section */
		09D601A723E818C000762EC7 /* LaunchScreen.storyboard */ = {
			isa = PBXVariantGroup;
			children = (
				09D601A823E818C000762EC7 /* Base */,
			);
			name = LaunchScreen.storyboard;
			sourceTree = "<group>";
		};
/* End PBXVariantGroup section */

/* Begin XCBuildConfiguration section */
		09D601C123E818C000762EC7 /* Debug */ = {
			isa = XCBuildConfiguration;
			buildSettings = {
				ALWAYS_SEARCH_USER_PATHS = NO;
				CLANG_ANALYZER_NONNULL = YES;
				CLANG_ANALYZER_NUMBER_OBJECT_CONVERSION = YES_AGGRESSIVE;
				CLANG_CXX_LANGUAGE_STANDARD = "gnu++14";
				CLANG_CXX_LIBRARY = "libc++";
				CLANG_ENABLE_MODULES = YES;
				CLANG_ENABLE_OBJC_ARC = YES;
				CLANG_ENABLE_OBJC_WEAK = YES;
				CLANG_WARN_BLOCK_CAPTURE_AUTORELEASING = YES;
				CLANG_WARN_BOOL_CONVERSION = YES;
				CLANG_WARN_COMMA = YES;
				CLANG_WARN_CONSTANT_CONVERSION = YES;
				CLANG_WARN_DEPRECATED_OBJC_IMPLEMENTATIONS = YES;
				CLANG_WARN_DIRECT_OBJC_ISA_USAGE = YES_ERROR;
				CLANG_WARN_DOCUMENTATION_COMMENTS = YES;
				CLANG_WARN_EMPTY_BODY = YES;
				CLANG_WARN_ENUM_CONVERSION = YES;
				CLANG_WARN_INFINITE_RECURSION = YES;
				CLANG_WARN_INT_CONVERSION = YES;
				CLANG_WARN_NON_LITERAL_NULL_CONVERSION = YES;
				CLANG_WARN_OBJC_IMPLICIT_RETAIN_SELF = YES;
				CLANG_WARN_OBJC_LITERAL_CONVERSION = YES;
				CLANG_WARN_OBJC_ROOT_CLASS = YES_ERROR;
				CLANG_WARN_RANGE_LOOP_ANALYSIS = YES;
				CLANG_WARN_STRICT_PROTOTYPES = YES;
				CLANG_WARN_SUSPICIOUS_MOVE = YES;
				CLANG_WARN_UNGUARDED_AVAILABILITY = YES_AGGRESSIVE;
				CLANG_WARN_UNREACHABLE_CODE = YES;
				CLANG_WARN__DUPLICATE_METHOD_MATCH = YES;
				COPY_PHASE_STRIP = NO;
				DEBUG_INFORMATION_FORMAT = dwarf;
				ENABLE_STRICT_OBJC_MSGSEND = YES;
				ENABLE_TESTABILITY = YES;
				GCC_C_LANGUAGE_STANDARD = gnu11;
				GCC_DYNAMIC_NO_PIC = NO;
				GCC_NO_COMMON_BLOCKS = YES;
				GCC_OPTIMIZATION_LEVEL = 0;
				GCC_PREPROCESSOR_DEFINITIONS = (
					"DEBUG=1",
					"$(inherited)",
				);
				GCC_WARN_64_TO_32_BIT_CONVERSION = YES;
				GCC_WARN_ABOUT_RETURN_TYPE = YES_ERROR;
				GCC_WARN_UNDECLARED_SELECTOR = YES;
				GCC_WARN_UNINITIALIZED_AUTOS = YES_AGGRESSIVE;
				GCC_WARN_UNUSED_FUNCTION = YES;
				GCC_WARN_UNUSED_VARIABLE = YES;
				IPHONEOS_DEPLOYMENT_TARGET = 13.2;
				MTL_ENABLE_DEBUG_INFO = INCLUDE_SOURCE;
				MTL_FAST_MATH = YES;
				ONLY_ACTIVE_ARCH = YES;
				SDKROOT = iphoneos;
				SWIFT_ACTIVE_COMPILATION_CONDITIONS = DEBUG;
				SWIFT_OPTIMIZATION_LEVEL = "-Onone";
			};
			name = Debug;
		};
		09D601C223E818C000762EC7 /* Release */ = {
			isa = XCBuildConfiguration;
			buildSettings = {
				ALWAYS_SEARCH_USER_PATHS = NO;
				CLANG_ANALYZER_NONNULL = YES;
				CLANG_ANALYZER_NUMBER_OBJECT_CONVERSION = YES_AGGRESSIVE;
				CLANG_CXX_LANGUAGE_STANDARD = "gnu++14";
				CLANG_CXX_LIBRARY = "libc++";
				CLANG_ENABLE_MODULES = YES;
				CLANG_ENABLE_OBJC_ARC = YES;
				CLANG_ENABLE_OBJC_WEAK = YES;
				CLANG_WARN_BLOCK_CAPTURE_AUTORELEASING = YES;
				CLANG_WARN_BOOL_CONVERSION = YES;
				CLANG_WARN_COMMA = YES;
				CLANG_WARN_CONSTANT_CONVERSION = YES;
				CLANG_WARN_DEPRECATED_OBJC_IMPLEMENTATIONS = YES;
				CLANG_WARN_DIRECT_OBJC_ISA_USAGE = YES_ERROR;
				CLANG_WARN_DOCUMENTATION_COMMENTS = YES;
				CLANG_WARN_EMPTY_BODY = YES;
				CLANG_WARN_ENUM_CONVERSION = YES;
				CLANG_WARN_INFINITE_RECURSION = YES;
				CLANG_WARN_INT_CONVERSION = YES;
				CLANG_WARN_NON_LITERAL_NULL_CONVERSION = YES;
				CLANG_WARN_OBJC_IMPLICIT_RETAIN_SELF = YES;
				CLANG_WARN_OBJC_LITERAL_CONVERSION = YES;
				CLANG_WARN_OBJC_ROOT_CLASS = YES_ERROR;
				CLANG_WARN_RANGE_LOOP_ANALYSIS = YES;
				CLANG_WARN_STRICT_PROTOTYPES = YES;
				CLANG_WARN_SUSPICIOUS_MOVE = YES;
				CLANG_WARN_UNGUARDED_AVAILABILITY = YES_AGGRESSIVE;
				CLANG_WARN_UNREACHABLE_CODE = YES;
				CLANG_WARN__DUPLICATE_METHOD_MATCH = YES;
				COPY_PHASE_STRIP = NO;
				DEBUG_INFORMATION_FORMAT = "dwarf-with-dsym";
				ENABLE_NS_ASSERTIONS = NO;
				ENABLE_STRICT_OBJC_MSGSEND = YES;
				GCC_C_LANGUAGE_STANDARD = gnu11;
				GCC_NO_COMMON_BLOCKS = YES;
				GCC_WARN_64_TO_32_BIT_CONVERSION = YES;
				GCC_WARN_ABOUT_RETURN_TYPE = YES_ERROR;
				GCC_WARN_UNDECLARED_SELECTOR = YES;
				GCC_WARN_UNINITIALIZED_AUTOS = YES_AGGRESSIVE;
				GCC_WARN_UNUSED_FUNCTION = YES;
				GCC_WARN_UNUSED_VARIABLE = YES;
				IPHONEOS_DEPLOYMENT_TARGET = 13.2;
				MTL_ENABLE_DEBUG_INFO = NO;
				MTL_FAST_MATH = YES;
				SDKROOT = iphoneos;
				SWIFT_COMPILATION_MODE = wholemodule;
				SWIFT_OPTIMIZATION_LEVEL = "-O";
				VALIDATE_PRODUCT = YES;
			};
			name = Release;
		};
		09D601C423E818C000762EC7 /* Debug */ = {
			isa = XCBuildConfiguration;
			baseConfigurationReference = F741193AAE32069F99E12258 /* Pods-grad2020.debug.xcconfig */;
			buildSettings = {
				ASSETCATALOG_COMPILER_APPICON_NAME = AppIcon;
				CODE_SIGN_STYLE = Automatic;
				DEVELOPMENT_ASSET_PATHS = "\"grad2020/Preview Content\"";
				ENABLE_PREVIEWS = YES;
				INFOPLIST_FILE = grad2020/Info.plist;
				LD_RUNPATH_SEARCH_PATHS = (
					"$(inherited)",
					"@executable_path/Frameworks",
				);
				PRODUCT_BUNDLE_IDENTIFIER = com.takealot.grad2020;
				PRODUCT_NAME = "$(TARGET_NAME)";
				SWIFT_VERSION = 5.0;
				TARGETED_DEVICE_FAMILY = "1,2";
			};
			name = Debug;
		};
		09D601C523E818C000762EC7 /* Release */ = {
			isa = XCBuildConfiguration;
			baseConfigurationReference = A957470556A2460ACF25AA77 /* Pods-grad2020.release.xcconfig */;
			buildSettings = {
				ASSETCATALOG_COMPILER_APPICON_NAME = AppIcon;
				CODE_SIGN_STYLE = Automatic;
				DEVELOPMENT_ASSET_PATHS = "\"grad2020/Preview Content\"";
				ENABLE_PREVIEWS = YES;
				INFOPLIST_FILE = grad2020/Info.plist;
				LD_RUNPATH_SEARCH_PATHS = (
					"$(inherited)",
					"@executable_path/Frameworks",
				);
				PRODUCT_BUNDLE_IDENTIFIER = com.takealot.grad2020;
				PRODUCT_NAME = "$(TARGET_NAME)";
				SWIFT_VERSION = 5.0;
				TARGETED_DEVICE_FAMILY = "1,2";
			};
			name = Release;
		};
		09D601C723E818C000762EC7 /* Debug */ = {
			isa = XCBuildConfiguration;
			baseConfigurationReference = 102D94F7404DDDA81F6CF887 /* Pods-grad2020Tests.debug.xcconfig */;
			buildSettings = {
				ALWAYS_EMBED_SWIFT_STANDARD_LIBRARIES = YES;
				BUNDLE_LOADER = "$(TEST_HOST)";
				CODE_SIGN_STYLE = Automatic;
				INFOPLIST_FILE = grad2020Tests/Info.plist;
				IPHONEOS_DEPLOYMENT_TARGET = 13.2;
				LD_RUNPATH_SEARCH_PATHS = (
					"$(inherited)",
					"@executable_path/Frameworks",
					"@loader_path/Frameworks",
				);
				PRODUCT_BUNDLE_IDENTIFIER = com.takealot.grad2020Tests;
				PRODUCT_NAME = "$(TARGET_NAME)";
				SWIFT_VERSION = 5.0;
				TARGETED_DEVICE_FAMILY = "1,2";
				TEST_HOST = "$(BUILT_PRODUCTS_DIR)/grad2020.app/grad2020";
			};
			name = Debug;
		};
		09D601C823E818C000762EC7 /* Release */ = {
			isa = XCBuildConfiguration;
			baseConfigurationReference = D5D42C3954639D8372666D72 /* Pods-grad2020Tests.release.xcconfig */;
			buildSettings = {
				ALWAYS_EMBED_SWIFT_STANDARD_LIBRARIES = YES;
				BUNDLE_LOADER = "$(TEST_HOST)";
				CODE_SIGN_STYLE = Automatic;
				INFOPLIST_FILE = grad2020Tests/Info.plist;
				IPHONEOS_DEPLOYMENT_TARGET = 13.2;
				LD_RUNPATH_SEARCH_PATHS = (
					"$(inherited)",
					"@executable_path/Frameworks",
					"@loader_path/Frameworks",
				);
				PRODUCT_BUNDLE_IDENTIFIER = com.takealot.grad2020Tests;
				PRODUCT_NAME = "$(TARGET_NAME)";
				SWIFT_VERSION = 5.0;
				TARGETED_DEVICE_FAMILY = "1,2";
				TEST_HOST = "$(BUILT_PRODUCTS_DIR)/grad2020.app/grad2020";
			};
			name = Release;
		};
		09D601CA23E818C000762EC7 /* Debug */ = {
			isa = XCBuildConfiguration;
			baseConfigurationReference = ECA19B680CA78B389C154987 /* Pods-grad2020-grad2020UITests.debug.xcconfig */;
			buildSettings = {
				ALWAYS_EMBED_SWIFT_STANDARD_LIBRARIES = YES;
				CODE_SIGN_STYLE = Automatic;
				INFOPLIST_FILE = grad2020UITests/Info.plist;
				LD_RUNPATH_SEARCH_PATHS = (
					"$(inherited)",
					"@executable_path/Frameworks",
					"@loader_path/Frameworks",
				);
				PRODUCT_BUNDLE_IDENTIFIER = com.takealot.grad2020UITests;
				PRODUCT_NAME = "$(TARGET_NAME)";
				SWIFT_VERSION = 5.0;
				TARGETED_DEVICE_FAMILY = "1,2";
				TEST_TARGET_NAME = grad2020;
			};
			name = Debug;
		};
		09D601CB23E818C000762EC7 /* Release */ = {
			isa = XCBuildConfiguration;
			baseConfigurationReference = 55842152C2EECAFDBA817CDC /* Pods-grad2020-grad2020UITests.release.xcconfig */;
			buildSettings = {
				ALWAYS_EMBED_SWIFT_STANDARD_LIBRARIES = YES;
				CODE_SIGN_STYLE = Automatic;
				INFOPLIST_FILE = grad2020UITests/Info.plist;
				LD_RUNPATH_SEARCH_PATHS = (
					"$(inherited)",
					"@executable_path/Frameworks",
					"@loader_path/Frameworks",
				);
				PRODUCT_BUNDLE_IDENTIFIER = com.takealot.grad2020UITests;
				PRODUCT_NAME = "$(TARGET_NAME)";
				SWIFT_VERSION = 5.0;
				TARGETED_DEVICE_FAMILY = "1,2";
				TEST_TARGET_NAME = grad2020;
			};
			name = Release;
		};
/* End XCBuildConfiguration section */

/* Begin XCConfigurationList section */
		09D6019423E818C000762EC7 /* Build configuration list for PBXProject "grad2020" */ = {
			isa = XCConfigurationList;
			buildConfigurations = (
				09D601C123E818C000762EC7 /* Debug */,
				09D601C223E818C000762EC7 /* Release */,
			);
			defaultConfigurationIsVisible = 0;
			defaultConfigurationName = Release;
		};
		09D601C323E818C000762EC7 /* Build configuration list for PBXNativeTarget "grad2020" */ = {
			isa = XCConfigurationList;
			buildConfigurations = (
				09D601C423E818C000762EC7 /* Debug */,
				09D601C523E818C000762EC7 /* Release */,
			);
			defaultConfigurationIsVisible = 0;
			defaultConfigurationName = Release;
		};
		09D601C623E818C000762EC7 /* Build configuration list for PBXNativeTarget "grad2020Tests" */ = {
			isa = XCConfigurationList;
			buildConfigurations = (
				09D601C723E818C000762EC7 /* Debug */,
				09D601C823E818C000762EC7 /* Release */,
			);
			defaultConfigurationIsVisible = 0;
			defaultConfigurationName = Release;
		};
		09D601C923E818C000762EC7 /* Build configuration list for PBXNativeTarget "grad2020UITests" */ = {
			isa = XCConfigurationList;
			buildConfigurations = (
				09D601CA23E818C000762EC7 /* Debug */,
				09D601CB23E818C000762EC7 /* Release */,
			);
			defaultConfigurationIsVisible = 0;
			defaultConfigurationName = Release;
		};
/* End XCConfigurationList section */
	};
	rootObject = 09D6019123E818C000762EC7 /* Project object */;
}
